{
    "name": "vite-typescript-starter",
    "version": "0.0.0",
    "lockfileVersion": 2,
    "requires": true,
    "packages": {
        "": {
            "name": "vite-typescript-starter",
            "version": "0.0.0",
            "devDependencies": {
                "pixi.js": "^6.5.1",
                "typescript": "^4.6.4",
                "vite": "^3.0.7"
            },
            "engines": {
                "node": ">= 16"
            }
        },
        "node_modules/@pixi/accessibility": {
            "version": "6.5.1",
            "dev": true,
            "license": "MIT",
            "peerDependencies": {
                "@pixi/core": "6.5.1",
                "@pixi/display": "6.5.1",
                "@pixi/utils": "6.5.1"
            }
        },
        "node_modules/@pixi/app": {
            "version": "6.5.1",
            "dev": true,
            "license": "MIT",
            "peerDependencies": {
                "@pixi/core": "6.5.1",
                "@pixi/display": "6.5.1"
            }
        },
        "node_modules/@pixi/compressed-textures": {
            "version": "6.5.1",
            "dev": true,
            "license": "MIT",
            "peerDependencies": {
                "@pixi/constants": "6.5.1",
                "@pixi/core": "6.5.1",
                "@pixi/loaders": "6.5.1",
                "@pixi/settings": "6.5.1",
                "@pixi/utils": "6.5.1"
            }
        },
        "node_modules/@pixi/constants": {
            "version": "6.5.1",
            "dev": true,
            "license": "MIT"
        },
        "node_modules/@pixi/core": {
            "version": "6.5.1",
            "dev": true,
            "license": "MIT",
            "dependencies": {
                "@types/offscreencanvas": "^2019.6.4"
            },
            "funding": {
                "type": "opencollective",
                "url": "https://opencollective.com/pixijs"
            },
            "peerDependencies": {
                "@pixi/constants": "6.5.1",
                "@pixi/extensions": "6.5.1",
                "@pixi/math": "6.5.1",
                "@pixi/runner": "6.5.1",
                "@pixi/settings": "6.5.1",
                "@pixi/ticker": "6.5.1",
                "@pixi/utils": "6.5.1"
            }
        },
        "node_modules/@pixi/display": {
            "version": "6.5.1",
            "dev": true,
            "license": "MIT",
            "peerDependencies": {
                "@pixi/math": "6.5.1",
                "@pixi/settings": "6.5.1",
                "@pixi/utils": "6.5.1"
            }
        },
        "node_modules/@pixi/extensions": {
            "version": "6.5.1",
            "dev": true,
            "license": "MIT"
        },
        "node_modules/@pixi/extract": {
            "version": "6.5.1",
            "dev": true,
            "license": "MIT",
            "peerDependencies": {
                "@pixi/core": "6.5.1",
                "@pixi/math": "6.5.1",
                "@pixi/utils": "6.5.1"
            }
        },
        "node_modules/@pixi/filter-alpha": {
            "version": "6.5.1",
            "dev": true,
            "license": "MIT",
            "peerDependencies": {
                "@pixi/core": "6.5.1"
            }
        },
        "node_modules/@pixi/filter-blur": {
            "version": "6.5.1",
            "dev": true,
            "license": "MIT",
            "peerDependencies": {
                "@pixi/core": "6.5.1",
                "@pixi/settings": "6.5.1"
            }
        },
        "node_modules/@pixi/filter-color-matrix": {
            "version": "6.5.1",
            "dev": true,
            "license": "MIT",
            "peerDependencies": {
                "@pixi/core": "6.5.1"
            }
        },
        "node_modules/@pixi/filter-displacement": {
            "version": "6.5.1",
            "dev": true,
            "license": "MIT",
            "peerDependencies": {
                "@pixi/core": "6.5.1",
                "@pixi/math": "6.5.1"
            }
        },
        "node_modules/@pixi/filter-fxaa": {
            "version": "6.5.1",
            "dev": true,
            "license": "MIT",
            "peerDependencies": {
                "@pixi/core": "6.5.1"
            }
        },
        "node_modules/@pixi/filter-noise": {
            "version": "6.5.1",
            "dev": true,
            "license": "MIT",
            "peerDependencies": {
                "@pixi/core": "6.5.1"
            }
        },
        "node_modules/@pixi/graphics": {
            "version": "6.5.1",
            "dev": true,
            "license": "MIT",
            "peerDependencies": {
                "@pixi/constants": "6.5.1",
                "@pixi/core": "6.5.1",
                "@pixi/display": "6.5.1",
                "@pixi/math": "6.5.1",
                "@pixi/sprite": "6.5.1",
                "@pixi/utils": "6.5.1"
            }
        },
        "node_modules/@pixi/interaction": {
            "version": "6.5.1",
            "dev": true,
            "license": "MIT",
            "peerDependencies": {
                "@pixi/core": "6.5.1",
                "@pixi/display": "6.5.1",
                "@pixi/math": "6.5.1",
                "@pixi/ticker": "6.5.1",
                "@pixi/utils": "6.5.1"
            }
        },
        "node_modules/@pixi/loaders": {
            "version": "6.5.1",
            "dev": true,
            "license": "MIT",
            "peerDependencies": {
                "@pixi/constants": "6.5.1",
                "@pixi/core": "6.5.1",
                "@pixi/utils": "6.5.1"
            }
        },
        "node_modules/@pixi/math": {
            "version": "6.5.1",
            "dev": true,
            "license": "MIT"
        },
        "node_modules/@pixi/mesh": {
            "version": "6.5.1",
            "dev": true,
            "license": "MIT",
            "peerDependencies": {
                "@pixi/constants": "6.5.1",
                "@pixi/core": "6.5.1",
                "@pixi/display": "6.5.1",
                "@pixi/math": "6.5.1",
                "@pixi/settings": "6.5.1",
                "@pixi/utils": "6.5.1"
            }
        },
        "node_modules/@pixi/mesh-extras": {
            "version": "6.5.1",
            "dev": true,
            "license": "MIT",
            "peerDependencies": {
                "@pixi/constants": "6.5.1",
                "@pixi/core": "6.5.1",
                "@pixi/math": "6.5.1",
                "@pixi/mesh": "6.5.1",
                "@pixi/utils": "6.5.1"
            }
        },
        "node_modules/@pixi/mixin-cache-as-bitmap": {
            "version": "6.5.1",
            "dev": true,
            "license": "MIT",
            "peerDependencies": {
                "@pixi/core": "6.5.1",
                "@pixi/display": "6.5.1",
                "@pixi/math": "6.5.1",
                "@pixi/settings": "6.5.1",
                "@pixi/sprite": "6.5.1",
                "@pixi/utils": "6.5.1"
            }
        },
        "node_modules/@pixi/mixin-get-child-by-name": {
            "version": "6.5.1",
            "dev": true,
            "license": "MIT",
            "peerDependencies": {
                "@pixi/display": "6.5.1"
            }
        },
        "node_modules/@pixi/mixin-get-global-position": {
            "version": "6.5.1",
            "dev": true,
            "license": "MIT",
            "peerDependencies": {
                "@pixi/display": "6.5.1",
                "@pixi/math": "6.5.1"
            }
        },
        "node_modules/@pixi/particle-container": {
            "version": "6.5.1",
            "dev": true,
            "license": "MIT",
            "peerDependencies": {
                "@pixi/constants": "6.5.1",
                "@pixi/core": "6.5.1",
                "@pixi/display": "6.5.1",
                "@pixi/math": "6.5.1",
                "@pixi/sprite": "6.5.1",
                "@pixi/utils": "6.5.1"
            }
        },
        "node_modules/@pixi/polyfill": {
            "version": "6.5.1",
            "dev": true,
            "license": "MIT",
            "dependencies": {
                "object-assign": "^4.1.1",
                "promise-polyfill": "^8.2.0"
            }
        },
        "node_modules/@pixi/prepare": {
            "version": "6.5.1",
            "dev": true,
            "license": "MIT",
            "peerDependencies": {
                "@pixi/core": "6.5.1",
                "@pixi/display": "6.5.1",
                "@pixi/graphics": "6.5.1",
                "@pixi/settings": "6.5.1",
                "@pixi/text": "6.5.1",
                "@pixi/ticker": "6.5.1",
                "@pixi/utils": "6.5.1"
            }
        },
        "node_modules/@pixi/runner": {
            "version": "6.5.1",
            "dev": true,
            "license": "MIT"
        },
        "node_modules/@pixi/settings": {
            "version": "6.5.1",
            "dev": true,
            "license": "MIT"
        },
        "node_modules/@pixi/sprite": {
            "version": "6.5.1",
            "dev": true,
            "license": "MIT",
            "peerDependencies": {
                "@pixi/constants": "6.5.1",
                "@pixi/core": "6.5.1",
                "@pixi/display": "6.5.1",
                "@pixi/math": "6.5.1",
                "@pixi/settings": "6.5.1",
                "@pixi/utils": "6.5.1"
            }
        },
        "node_modules/@pixi/sprite-animated": {
            "version": "6.5.1",
            "dev": true,
            "license": "MIT",
            "peerDependencies": {
                "@pixi/core": "6.5.1",
                "@pixi/sprite": "6.5.1",
                "@pixi/ticker": "6.5.1"
            }
        },
        "node_modules/@pixi/sprite-tiling": {
            "version": "6.5.1",
            "dev": true,
            "license": "MIT",
            "peerDependencies": {
                "@pixi/constants": "6.5.1",
                "@pixi/core": "6.5.1",
                "@pixi/display": "6.5.1",
                "@pixi/math": "6.5.1",
                "@pixi/sprite": "6.5.1",
                "@pixi/utils": "6.5.1"
            }
        },
        "node_modules/@pixi/spritesheet": {
            "version": "6.5.1",
            "dev": true,
            "license": "MIT",
            "peerDependencies": {
                "@pixi/core": "6.5.1",
                "@pixi/loaders": "6.5.1",
                "@pixi/math": "6.5.1",
                "@pixi/utils": "6.5.1"
            }
        },
        "node_modules/@pixi/text": {
            "version": "6.5.1",
            "dev": true,
            "license": "MIT",
            "peerDependencies": {
                "@pixi/core": "6.5.1",
                "@pixi/math": "6.5.1",
                "@pixi/settings": "6.5.1",
                "@pixi/sprite": "6.5.1",
                "@pixi/utils": "6.5.1"
            }
        },
        "node_modules/@pixi/text-bitmap": {
            "version": "6.5.1",
            "dev": true,
            "license": "MIT",
            "peerDependencies": {
                "@pixi/constants": "6.5.1",
                "@pixi/core": "6.5.1",
                "@pixi/display": "6.5.1",
                "@pixi/loaders": "6.5.1",
                "@pixi/math": "6.5.1",
                "@pixi/mesh": "6.5.1",
                "@pixi/settings": "6.5.1",
                "@pixi/text": "6.5.1",
                "@pixi/utils": "6.5.1"
            }
        },
        "node_modules/@pixi/ticker": {
            "version": "6.5.1",
            "dev": true,
            "license": "MIT",
            "peerDependencies": {
                "@pixi/extensions": "6.5.1",
                "@pixi/settings": "6.5.1"
            }
        },
        "node_modules/@pixi/utils": {
            "version": "6.5.1",
            "dev": true,
            "license": "MIT",
            "dependencies": {
                "@types/earcut": "^2.1.0",
                "earcut": "^2.2.4",
                "eventemitter3": "^3.1.0",
                "url": "^0.11.0"
            },
            "peerDependencies": {
                "@pixi/constants": "6.5.1",
                "@pixi/settings": "6.5.1"
            }
        },
        "node_modules/@types/earcut": {
            "version": "2.1.1",
            "dev": true,
            "license": "MIT"
        },
        "node_modules/@types/offscreencanvas": {
            "version": "2019.7.0",
            "dev": true,
            "license": "MIT"
        },
        "node_modules/earcut": {
            "version": "2.2.4",
            "dev": true,
            "license": "ISC"
        },
        "node_modules/esbuild": {
            "version": "0.14.54",
            "dev": true,
            "hasInstallScript": true,
            "license": "MIT",
            "bin": {
                "esbuild": "bin/esbuild"
            },
            "engines": {
                "node": ">=12"
            },
            "optionalDependencies": {
                "@esbuild/linux-loong64": "0.14.54",
                "esbuild-android-64": "0.14.54",
                "esbuild-android-arm64": "0.14.54",
                "esbuild-darwin-64": "0.14.54",
                "esbuild-darwin-arm64": "0.14.54",
                "esbuild-freebsd-64": "0.14.54",
                "esbuild-freebsd-arm64": "0.14.54",
                "esbuild-linux-32": "0.14.54",
                "esbuild-linux-64": "0.14.54",
                "esbuild-linux-arm": "0.14.54",
                "esbuild-linux-arm64": "0.14.54",
                "esbuild-linux-mips64le": "0.14.54",
                "esbuild-linux-ppc64le": "0.14.54",
                "esbuild-linux-riscv64": "0.14.54",
                "esbuild-linux-s390x": "0.14.54",
                "esbuild-netbsd-64": "0.14.54",
                "esbuild-openbsd-64": "0.14.54",
                "esbuild-sunos-64": "0.14.54",
                "esbuild-windows-32": "0.14.54",
                "esbuild-windows-64": "0.14.54",
                "esbuild-windows-arm64": "0.14.54"
            }
        },
        "node_modules/esbuild-darwin-64": {
            "version": "0.14.54",
            "cpu": [
                "x64"
            ],
            "dev": true,
            "license": "MIT",
            "optional": true,
            "os": [
                "darwin"
            ],
            "engines": {
                "node": ">=12"
            }
        },
        "node_modules/eventemitter3": {
            "version": "3.1.2",
            "dev": true,
            "license": "MIT"
        },
        "node_modules/fsevents": {
            "version": "2.3.2",
            "dev": true,
            "license": "MIT",
            "optional": true,
            "os": [
                "darwin"
            ],
            "engines": {
                "node": "^8.16.0 || ^10.6.0 || >=11.0.0"
            }
        },
        "node_modules/function-bind": {
            "version": "1.1.1",
            "dev": true,
            "license": "MIT"
        },
        "node_modules/has": {
            "version": "1.0.3",
            "dev": true,
            "license": "MIT",
            "dependencies": {
                "function-bind": "^1.1.1"
            },
            "engines": {
                "node": ">= 0.4.0"
            }
        },
        "node_modules/is-core-module": {
            "version": "2.10.0",
            "dev": true,
            "license": "MIT",
            "dependencies": {
                "has": "^1.0.3"
            },
            "funding": {
                "url": "https://github.com/sponsors/ljharb"
            }
        },
        "node_modules/nanoid": {
            "version": "3.3.4",
            "dev": true,
            "license": "MIT",
            "bin": {
                "nanoid": "bin/nanoid.cjs"
            },
            "engines": {
                "node": "^10 || ^12 || ^13.7 || ^14 || >=15.0.1"
            }
        },
        "node_modules/object-assign": {
            "version": "4.1.1",
            "dev": true,
            "license": "MIT",
            "engines": {
                "node": ">=0.10.0"
            }
        },
        "node_modules/path-parse": {
            "version": "1.0.7",
            "dev": true,
            "license": "MIT"
        },
        "node_modules/picocolors": {
            "version": "1.0.0",
            "dev": true,
            "license": "ISC"
        },
        "node_modules/pixi.js": {
            "version": "6.5.1",
            "dev": true,
            "license": "MIT",
            "dependencies": {
                "@pixi/accessibility": "6.5.1",
                "@pixi/app": "6.5.1",
                "@pixi/compressed-textures": "6.5.1",
                "@pixi/constants": "6.5.1",
                "@pixi/core": "6.5.1",
                "@pixi/display": "6.5.1",
                "@pixi/extensions": "6.5.1",
                "@pixi/extract": "6.5.1",
                "@pixi/filter-alpha": "6.5.1",
                "@pixi/filter-blur": "6.5.1",
                "@pixi/filter-color-matrix": "6.5.1",
                "@pixi/filter-displacement": "6.5.1",
                "@pixi/filter-fxaa": "6.5.1",
                "@pixi/filter-noise": "6.5.1",
                "@pixi/graphics": "6.5.1",
                "@pixi/interaction": "6.5.1",
                "@pixi/loaders": "6.5.1",
                "@pixi/math": "6.5.1",
                "@pixi/mesh": "6.5.1",
                "@pixi/mesh-extras": "6.5.1",
                "@pixi/mixin-cache-as-bitmap": "6.5.1",
                "@pixi/mixin-get-child-by-name": "6.5.1",
                "@pixi/mixin-get-global-position": "6.5.1",
                "@pixi/particle-container": "6.5.1",
                "@pixi/polyfill": "6.5.1",
                "@pixi/prepare": "6.5.1",
                "@pixi/runner": "6.5.1",
                "@pixi/settings": "6.5.1",
                "@pixi/sprite": "6.5.1",
                "@pixi/sprite-animated": "6.5.1",
                "@pixi/sprite-tiling": "6.5.1",
                "@pixi/spritesheet": "6.5.1",
                "@pixi/text": "6.5.1",
                "@pixi/text-bitmap": "6.5.1",
                "@pixi/ticker": "6.5.1",
                "@pixi/utils": "6.5.1"
            },
            "funding": {
                "type": "opencollective",
                "url": "https://opencollective.com/pixijs"
            }
        },
        "node_modules/postcss": {
            "version": "8.4.16",
            "dev": true,
            "funding": [
                {
                    "type": "opencollective",
                    "url": "https://opencollective.com/postcss/"
                },
                {
                    "type": "tidelift",
                    "url": "https://tidelift.com/funding/github/npm/postcss"
                }
            ],
            "license": "MIT",
            "dependencies": {
                "nanoid": "^3.3.4",
                "picocolors": "^1.0.0",
                "source-map-js": "^1.0.2"
            },
            "engines": {
                "node": "^10 || ^12 || >=14"
            }
        },
        "node_modules/promise-polyfill": {
            "version": "8.2.3",
            "dev": true,
            "license": "MIT"
        },
        "node_modules/punycode": {
            "version": "1.3.2",
            "dev": true,
            "license": "MIT"
        },
        "node_modules/querystring": {
            "version": "0.2.0",
            "dev": true,
            "engines": {
                "node": ">=0.4.x"
            }
        },
        "node_modules/resolve": {
            "version": "1.22.1",
            "dev": true,
            "license": "MIT",
            "dependencies": {
                "is-core-module": "^2.9.0",
                "path-parse": "^1.0.7",
                "supports-preserve-symlinks-flag": "^1.0.0"
            },
            "bin": {
                "resolve": "bin/resolve"
            },
            "funding": {
                "url": "https://github.com/sponsors/ljharb"
            }
        },
        "node_modules/rollup": {
            "version": "2.77.3",
            "dev": true,
            "license": "MIT",
            "bin": {
                "rollup": "dist/bin/rollup"
            },
            "engines": {
                "node": ">=10.0.0"
            },
            "optionalDependencies": {
                "fsevents": "~2.3.2"
            }
        },
        "node_modules/source-map-js": {
            "version": "1.0.2",
            "dev": true,
            "license": "BSD-3-Clause",
            "engines": {
                "node": ">=0.10.0"
            }
        },
        "node_modules/supports-preserve-symlinks-flag": {
            "version": "1.0.0",
            "dev": true,
            "license": "MIT",
            "engines": {
                "node": ">= 0.4"
            },
            "funding": {
                "url": "https://github.com/sponsors/ljharb"
            }
        },
        "node_modules/typescript": {
            "version": "4.7.4",
            "dev": true,
            "license": "Apache-2.0",
            "bin": {
                "tsc": "bin/tsc",
                "tsserver": "bin/tsserver"
            },
            "engines": {
                "node": ">=4.2.0"
            }
        },
        "node_modules/url": {
            "version": "0.11.0",
            "dev": true,
            "license": "MIT",
            "dependencies": {
                "punycode": "1.3.2",
                "querystring": "0.2.0"
            }
        },
        "node_modules/vite": {
            "version": "3.0.7",
            "dev": true,
            "license": "MIT",
            "dependencies": {
                "esbuild": "^0.14.47",
                "postcss": "^8.4.16",
                "resolve": "^1.22.1",
                "rollup": ">=2.75.6 <2.77.0 || ~2.77.0"
            },
            "bin": {
                "vite": "bin/vite.js"
            },
            "engines": {
                "node": "^14.18.0 || >=16.0.0"
            },
            "optionalDependencies": {
                "fsevents": "~2.3.2"
            },
            "peerDependencies": {
                "less": "*",
                "sass": "*",
                "stylus": "*",
                "terser": "^5.4.0"
            },
            "peerDependenciesMeta": {
                "less": {
                    "optional": true
                },
                "sass": {
                    "optional": true
                },
                "stylus": {
                    "optional": true
                },
                "terser": {
                    "optional": true
                }
            }
        }
    },
    "dependencies": {
        "@pixi/accessibility": {
            "version": "6.5.1",
            "dev": true,
            "requires": {}
        },
        "@pixi/app": {
            "version": "6.5.1",
            "dev": true,
            "requires": {}
        },
        "@pixi/compressed-textures": {
            "version": "6.5.1",
            "dev": true,
            "requires": {}
        },
        "@pixi/constants": {
            "version": "6.5.1",
            "dev": true
        },
        "@pixi/core": {
            "version": "6.5.1",
            "dev": true,
            "requires": {
                "@types/offscreencanvas": "^2019.6.4"
            }
        },
        "@pixi/display": {
            "version": "6.5.1",
            "dev": true,
            "requires": {}
        },
        "@pixi/extensions": {
            "version": "6.5.1",
            "dev": true
        },
        "@pixi/extract": {
            "version": "6.5.1",
            "dev": true,
            "requires": {}
        },
        "@pixi/filter-alpha": {
            "version": "6.5.1",
            "dev": true,
            "requires": {}
        },
        "@pixi/filter-blur": {
            "version": "6.5.1",
            "dev": true,
            "requires": {}
        },
        "@pixi/filter-color-matrix": {
            "version": "6.5.1",
            "dev": true,
            "requires": {}
        },
        "@pixi/filter-displacement": {
            "version": "6.5.1",
            "dev": true,
            "requires": {}
        },
        "@pixi/filter-fxaa": {
            "version": "6.5.1",
            "dev": true,
            "requires": {}
        },
        "@pixi/filter-noise": {
            "version": "6.5.1",
            "dev": true,
            "requires": {}
        },
        "@pixi/graphics": {
            "version": "6.5.1",
            "dev": true,
            "requires": {}
        },
        "@pixi/interaction": {
            "version": "6.5.1",
            "dev": true,
            "requires": {}
        },
        "@pixi/loaders": {
            "version": "6.5.1",
            "dev": true,
            "requires": {}
        },
        "@pixi/math": {
            "version": "6.5.1",
            "dev": true
        },
        "@pixi/mesh": {
            "version": "6.5.1",
            "dev": true,
            "requires": {}
        },
        "@pixi/mesh-extras": {
            "version": "6.5.1",
            "dev": true,
            "requires": {}
        },
        "@pixi/mixin-cache-as-bitmap": {
            "version": "6.5.1",
            "dev": true,
            "requires": {}
        },
        "@pixi/mixin-get-child-by-name": {
            "version": "6.5.1",
            "dev": true,
            "requires": {}
        },
        "@pixi/mixin-get-global-position": {
            "version": "6.5.1",
            "dev": true,
            "requires": {}
        },
        "@pixi/particle-container": {
            "version": "6.5.1",
            "dev": true,
            "requires": {}
        },
        "@pixi/polyfill": {
            "version": "6.5.1",
            "dev": true,
            "requires": {
                "object-assign": "^4.1.1",
                "promise-polyfill": "^8.2.0"
            }
        },
        "@pixi/prepare": {
            "version": "6.5.1",
            "dev": true,
            "requires": {}
        },
        "@pixi/runner": {
            "version": "6.5.1",
            "dev": true
        },
        "@pixi/settings": {
            "version": "6.5.1",
            "dev": true
        },
        "@pixi/sprite": {
            "version": "6.5.1",
            "dev": true,
            "requires": {}
        },
        "@pixi/sprite-animated": {
            "version": "6.5.1",
            "dev": true,
            "requires": {}
        },
        "@pixi/sprite-tiling": {
            "version": "6.5.1",
            "dev": true,
            "requires": {}
        },
        "@pixi/spritesheet": {
            "version": "6.5.1",
            "dev": true,
            "requires": {}
        },
        "@pixi/text": {
            "version": "6.5.1",
            "dev": true,
            "requires": {}
        },
        "@pixi/text-bitmap": {
            "version": "6.5.1",
            "dev": true,
            "requires": {}
        },
        "@pixi/ticker": {
            "version": "6.5.1",
            "dev": true,
            "requires": {}
        },
        "@pixi/utils": {
            "version": "6.5.1",
            "dev": true,
            "requires": {
                "@types/earcut": "^2.1.0",
                "earcut": "^2.2.4",
                "eventemitter3": "^3.1.0",
                "url": "^0.11.0"
            }
        },
        "@types/earcut": {
            "version": "2.1.1",
            "dev": true
        },
        "@types/offscreencanvas": {
            "version": "2019.7.0",
            "dev": true
        },
        "earcut": {
            "version": "2.2.4",
            "dev": true
        },
        "esbuild": {
            "version": "0.14.54",
            "dev": true,
            "requires": {
                "@esbuild/linux-loong64": "0.14.54",
                "esbuild-android-64": "0.14.54",
                "esbuild-android-arm64": "0.14.54",
                "esbuild-darwin-64": "0.14.54",
                "esbuild-darwin-arm64": "0.14.54",
                "esbuild-freebsd-64": "0.14.54",
                "esbuild-freebsd-arm64": "0.14.54",
                "esbuild-linux-32": "0.14.54",
                "esbuild-linux-64": "0.14.54",
                "esbuild-linux-arm": "0.14.54",
                "esbuild-linux-arm64": "0.14.54",
                "esbuild-linux-mips64le": "0.14.54",
                "esbuild-linux-ppc64le": "0.14.54",
                "esbuild-linux-riscv64": "0.14.54",
                "esbuild-linux-s390x": "0.14.54",
                "esbuild-netbsd-64": "0.14.54",
                "esbuild-openbsd-64": "0.14.54",
                "esbuild-sunos-64": "0.14.54",
                "esbuild-windows-32": "0.14.54",
                "esbuild-windows-64": "0.14.54",
                "esbuild-windows-arm64": "0.14.54"
            }
        },
        "esbuild-darwin-64": {
            "version": "0.14.54",
            "dev": true,
            "optional": true
        },
        "eventemitter3": {
            "version": "3.1.2",
            "dev": true
        },
        "fsevents": {
            "version": "2.3.2",
            "dev": true,
            "optional": true
        },
        "function-bind": {
            "version": "1.1.1",
            "dev": true
        },
        "has": {
            "version": "1.0.3",
            "dev": true,
            "requires": {
                "function-bind": "^1.1.1"
            }
        },
        "is-core-module": {
            "version": "2.10.0",
            "dev": true,
            "requires": {
                "has": "^1.0.3"
            }
        },
        "nanoid": {
            "version": "3.3.4",
            "dev": true
        },
        "object-assign": {
            "version": "4.1.1",
            "dev": true
        },
        "path-parse": {
            "version": "1.0.7",
            "dev": true
        },
        "picocolors": {
            "version": "1.0.0",
            "dev": true
        },
        "pixi.js": {
            "version": "6.5.1",
            "dev": true,
            "requires": {
                "@pixi/accessibility": "6.5.1",
                "@pixi/app": "6.5.1",
                "@pixi/compressed-textures": "6.5.1",
                "@pixi/constants": "6.5.1",
                "@pixi/core": "6.5.1",
                "@pixi/display": "6.5.1",
                "@pixi/extensions": "6.5.1",
                "@pixi/extract": "6.5.1",
                "@pixi/filter-alpha": "6.5.1",
                "@pixi/filter-blur": "6.5.1",
                "@pixi/filter-color-matrix": "6.5.1",
                "@pixi/filter-displacement": "6.5.1",
                "@pixi/filter-fxaa": "6.5.1",
                "@pixi/filter-noise": "6.5.1",
                "@pixi/graphics": "6.5.1",
                "@pixi/interaction": "6.5.1",
                "@pixi/loaders": "6.5.1",
                "@pixi/math": "6.5.1",
                "@pixi/mesh": "6.5.1",
                "@pixi/mesh-extras": "6.5.1",
                "@pixi/mixin-cache-as-bitmap": "6.5.1",
                "@pixi/mixin-get-child-by-name": "6.5.1",
                "@pixi/mixin-get-global-position": "6.5.1",
                "@pixi/particle-container": "6.5.1",
                "@pixi/polyfill": "6.5.1",
                "@pixi/prepare": "6.5.1",
                "@pixi/runner": "6.5.1",
                "@pixi/settings": "6.5.1",
                "@pixi/sprite": "6.5.1",
                "@pixi/sprite-animated": "6.5.1",
                "@pixi/sprite-tiling": "6.5.1",
                "@pixi/spritesheet": "6.5.1",
                "@pixi/text": "6.5.1",
                "@pixi/text-bitmap": "6.5.1",
                "@pixi/ticker": "6.5.1",
                "@pixi/utils": "6.5.1"
            }
        },
        "postcss": {
            "version": "8.4.16",
            "dev": true,
            "requires": {
                "nanoid": "^3.3.4",
                "picocolors": "^1.0.0",
                "source-map-js": "^1.0.2"
            }
        },
        "promise-polyfill": {
            "version": "8.2.3",
            "dev": true
        },
        "punycode": {
            "version": "1.3.2",
            "dev": true
        },
        "querystring": {
            "version": "0.2.0",
            "dev": true
        },
        "resolve": {
            "version": "1.22.1",
            "dev": true,
            "requires": {
                "is-core-module": "^2.9.0",
                "path-parse": "^1.0.7",
                "supports-preserve-symlinks-flag": "^1.0.0"
            }
        },
        "rollup": {
            "version": "2.77.3",
            "dev": true,
            "requires": {
                "fsevents": "~2.3.2"
            }
        },
        "source-map-js": {
            "version": "1.0.2",
            "dev": true
        },
        "supports-preserve-symlinks-flag": {
            "version": "1.0.0",
            "dev": true
        },
        "typescript": {
            "version": "4.7.4",
            "dev": true
        },
        "url": {
            "version": "0.11.0",
            "dev": true,
            "requires": {
                "punycode": "1.3.2",
                "querystring": "0.2.0"
            }
        },
        "vite": {
            "version": "3.0.7",
            "dev": true,
            "requires": {
                "esbuild": "^0.14.47",
                "fsevents": "~2.3.2",
                "postcss": "^8.4.16",
                "resolve": "^1.22.1",
                "rollup": ">=2.75.6 <2.77.0 || ~2.77.0"
            }
        }
    }
}
